
Microsoft Visual Studio Solution File, Format Version 12.00
Project("{FAE04EC0-301F-11D3-BF4B-00C04F79EFBC}") = "Task_02", "Task_02\Task_02.csproj", "{DD36A87D-DEE8-4613-AA39-1B91B282E480}"
EndProject
Project("{FAE04EC0-301F-11D3-BF4B-00C04F79EFBC}") = "Task_01", "Task_01\Task_01.csproj", "{1D782746-1F22-43C3-91E8-D94B4F65805B}"
EndProject
Global
	GlobalSection(SolutionConfigurationPlatforms) = preSolution
		Debug|Any CPU = Debug|Any CPU
		Release|Any CPU = Release|Any CPU
	EndGlobalSection
	GlobalSection(ProjectConfigurationPlatforms) = postSolution
		{DD36A87D-DEE8-4613-AA39-1B91B282E480}.Debug|Any CPU.ActiveCfg = Debug|Any CPU
		{DD36A87D-DEE8-4613-AA39-1B91B282E480}.Debug|Any CPU.Build.0 = Debug|Any CPU
		{DD36A87D-DEE8-4613-AA39-1B91B282E480}.Release|Any CPU.ActiveCfg = Release|Any CPU
		{DD36A87D-DEE8-4613-AA39-1B91B282E480}.Release|Any CPU.Build.0 = Release|Any CPU
		{1D782746-1F22-43C3-91E8-D94B4F65805B}.Debug|Any CPU.ActiveCfg = Debug|Any CPU
		{1D782746-1F22-43C3-91E8-D94B4F65805B}.Debug|Any CPU.Build.0 = Debug|Any CPU
		{1D782746-1F22-43C3-91E8-D94B4F65805B}.Release|Any CPU.ActiveCfg = Release|Any CPU
		{1D782746-1F22-43C3-91E8-D94B4F65805B}.Release|Any CPU.Build.0 = Release|Any CPU
	EndGlobalSection
EndGlobal
